
Microsoft Visual Studio Solution File, Format Version 12.00
# Visual Studio 14
VisualStudioVersion = 14.0.25420.1
MinimumVisualStudioVersion = 10.0.40219.1
Project("{FAE04EC0-301F-11D3-BF4B-00C04F79EFBC}") = "renaissance", "renaissance\renaissance.csproj", "{4377609E-4348-4F13-81BE-395174EA91D4}"
EndProject
Global
	GlobalSection(SolutionConfigurationPlatforms) = preSolution
		Debug|Any CPU = Debug|Any CPU
		Release|Any CPU = Release|Any CPU
	EndGlobalSection
	GlobalSection(ProjectConfigurationPlatforms) = postSolution
		{4377609E-4348-4F13-81BE-395174EA91D4}.Debug|Any CPU.ActiveCfg = Debug|Any CPU
		{4377609E-4348-4F13-81BE-395174EA91D4}.Debug|Any CPU.Build.0 = Debug|Any CPU
		{4377609E-4348-4F13-81BE-395174EA91D4}.Release|Any CPU.ActiveCfg = Release|Any CPU
		{4377609E-4348-4F13-81BE-395174EA91D4}.Release|Any CPU.Build.0 = Release|Any CPU
	EndGlobalSection
	GlobalSection(SolutionProperties) = preSolution
		HideSolutionNode = FALSE
	EndGlobalSection
EndGlobal
